%{"earmark": {:hex, :earmark, "1.1.1", "433136b7f2e99cde88b745b3a0cfc3fbc81fe58b918a09b40fce7f00db4d8187", [:mix], []},
  "gen_fsm": {:hex, :gen_fsm, "0.1.0", "5097308e244e25dbb2aa0ee5b736bb1ab79c3f8ca889a9e5b3aabd8beee6fc88", [:mix], []},
  "json": {:hex, :json, "1.0.0", "4824dadb01e14395f65e9d18da294d534326d7eed77996f3c22f74a9870179eb", [:mix], [{:earmark, ">= 0.0.0", [hex: :earmark, optional: false]}]}}
